
Microsoft Visual Studio Solution File, Format Version 12.00
# Visual Studio Version 16
VisualStudioVersion = 16.0.30717.126
MinimumVisualStudioVersion = 10.0.40219.1
Project("{9A19103F-16F7-4668-BE54-9A1E7A4F7556}") = "OdeToFood", "OdeToFood.csproj", "{31224A7B-134C-4861-90AB-4EFD648C75FF}"
EndProject
Project("{9A19103F-16F7-4668-BE54-9A1E7A4F7556}") = "OdeToFood.Core", "..\OdeToFood.Core\OdeToFood.Core.csproj", "{72A5D5F3-FAE5-4256-B73D-C6B05EE1AEA0}"
EndProject
Project("{9A19103F-16F7-4668-BE54-9A1E7A4F7556}") = "OdeToFood.Data", "..\OdeToFood.Data\OdeToFood.Data.csproj", "{060A6B9E-5CBD-488E-9193-36CF1C8D9324}"
EndProject
Global
	GlobalSection(SolutionConfigurationPlatforms) = preSolution
		Debug|Any CPU = Debug|Any CPU
		Release|Any CPU = Release|Any CPU
	EndGlobalSection
	GlobalSection(ProjectConfigurationPlatforms) = postSolution
		{31224A7B-134C-4861-90AB-4EFD648C75FF}.Debug|Any CPU.ActiveCfg = Debug|Any CPU
		{31224A7B-134C-4861-90AB-4EFD648C75FF}.Debug|Any CPU.Build.0 = Debug|Any CPU
		{31224A7B-134C-4861-90AB-4EFD648C75FF}.Release|Any CPU.ActiveCfg = Release|Any CPU
		{31224A7B-134C-4861-90AB-4EFD648C75FF}.Release|Any CPU.Build.0 = Release|Any CPU
		{72A5D5F3-FAE5-4256-B73D-C6B05EE1AEA0}.Debug|Any CPU.ActiveCfg = Debug|Any CPU
		{72A5D5F3-FAE5-4256-B73D-C6B05EE1AEA0}.Debug|Any CPU.Build.0 = Debug|Any CPU
		{72A5D5F3-FAE5-4256-B73D-C6B05EE1AEA0}.Release|Any CPU.ActiveCfg = Release|Any CPU
		{72A5D5F3-FAE5-4256-B73D-C6B05EE1AEA0}.Release|Any CPU.Build.0 = Release|Any CPU
		{060A6B9E-5CBD-488E-9193-36CF1C8D9324}.Debug|Any CPU.ActiveCfg = Debug|Any CPU
		{060A6B9E-5CBD-488E-9193-36CF1C8D9324}.Debug|Any CPU.Build.0 = Debug|Any CPU
		{060A6B9E-5CBD-488E-9193-36CF1C8D9324}.Release|Any CPU.ActiveCfg = Release|Any CPU
		{060A6B9E-5CBD-488E-9193-36CF1C8D9324}.Release|Any CPU.Build.0 = Release|Any CPU
	EndGlobalSection
	GlobalSection(SolutionProperties) = preSolution
		HideSolutionNode = FALSE
	EndGlobalSection
	GlobalSection(ExtensibilityGlobals) = postSolution
		SolutionGuid = {51E1142D-C260-4B85-8C4B-1D3D3A109EE7}
	EndGlobalSection
EndGlobal
